<?xml version="1.0" encoding="utf-8"?>
<Project ToolsVersion="4.0" xmlns="http://schemas.microsoft.com/developer/msbuild/2003">
  <ItemGroup>
    <ClCompile Include="deps\include\GL\gl3w.c" />
    <ClCompile Include="deps\include\imgui\imgui.cpp" />
    <ClCompile Include="deps\include\imgui\imgui_demo.cpp" />
    <ClCompile Include="deps\include\imgui\imgui_draw.cpp" />
    <ClCompile Include="deps\include\imgui\imgui_impl_glfw.cpp" />
    <ClCompile Include="deps\include\imgui\imgui_impl_opengl3.cpp" />
    <ClCompile Include="deps\include\imgui\imgui_widgets.cpp" />
    <ClCompile Include="Main.cpp" />
    <ClCompile Include="Symbols\SymbolsManager.cpp" />
    <ClCompile Include="Loader\E32ImageLoader.cpp" />
    <ClCompile Include="Loader\TRomImageLoader.cpp" />
    <ClCompile Include="Common\FileUtils.cpp" />
    <ClCompile Include="Common\BitUtils.cpp" />
    <ClCompile Include="CPU\Tharm\Decoder\Decoder_ARM.cpp" />
    <ClCompile Include="CPU\Tharm\Decoder\Decoder_Thumb.cpp" />
    <ClCompile Include="CPU\Tharm\Disassembler\Disassembler_ARM.cpp" />
    <ClCompile Include="CPU\Tharm\Disassembler\Disassembler_Thumb.cpp" />
    <ClCompile Include="CPU\Tharm\CPU.cpp" />
    <ClCompile Include="CPU\Tharm\CPU_ARM.cpp" />
    <ClCompile Include="CPU\Tharm\CPU_Thumb.cpp" />
    <ClCompile Include="CPU\Unicorn\CPUnicorn.cpp" />
    <ClCompile Include="Tests\CPU_Tests.cpp" />
    <ClCompile Include="Tests\Decoder_Tests.cpp" />
    <ClCompile Include="Tests\Disassembler_ARM_Tests.cpp" />
    <ClCompile Include="Tests\Disassembler_Thumb_Tests.cpp" />
    <ClCompile Include="Tests\Random_Tests.cpp" />
    <ClCompile Include="Gui\Gui.cpp" />
    <ClCompile Include="Gui\ControlsWindow.cpp" />
    <ClCompile Include="Emulator.cpp" />
    <ClCompile Include="Gui\MemNavWindow.cpp" />
    <ClCompile Include="Gui\RegisterWindow.cpp" />
    <ClCompile Include="Gui\FunctionWindow.cpp" />
    <ClCompile Include="Gui\DisassemblyWindow.cpp" />
    <ClCompile Include="Common\UiUtils.cpp" />
    <ClCompile Include="HLE\Kernel.cpp" />
  </ItemGroup>
  <ItemGroup>
    <ClInclude Include="deps\include\catch\catch.hpp" />
    <ClInclude Include="Common\Common.h" />
    <ClInclude Include="Memory\BootMemory.h" />
    <ClInclude Include="Memory\GageMemory.h" />
    <ClInclude Include="Memory\TestMemory.h" />
    <ClInclude Include="Common\StringUtils.h" />
    <ClInclude Include="Memory\MemoryInterface.h" />
    <ClInclude Include="Memory\MemoryConstants.h" />
    <ClInclude Include="Symbols\SymbolsManager.h" />
    <ClInclude Include="HLE\E32Image.h" />
    <ClInclude Include="HLE\E32Std.h" />
    <ClInclude Include="HLE\TRomImage.h" />
    <ClInclude Include="Common\BitUtils.h" />
    <ClInclude Include="Loader\E32ImageLoader.h" />
    <ClInclude Include="Loader\TRomImageLoader.h" />
    <ClInclude Include="Common\FileUtils.h" />
    <ClInclude Include="CPU\Tharm\Decoder\Decoder.h" />
    <ClInclude Include="CPU\Tharm\Decoder\IR.h" />
    <ClInclude Include="CPU\Tharm\Disassembler\Disassembler.h" />
    <ClInclude Include="CPU\Tharm\CPU.h" />
    <ClInclude Include="CPU\Tharm\Registers.h" />
    <ClInclude Include="CPU\Tharm\Utils.h" />
    <ClInclude Include="CPU\Unicorn\CPUnicorn.h" />
    <ClInclude Include="CPU\CPU_Interface.h" />
    <ClInclude Include="Gui\Gui.h" />
    <ClInclude Include="Gui\Window.h" />
    <ClInclude Include="Gui\ControlsWindow.h" />
    <ClInclude Include="Emulator.h" />
    <ClInclude Include="Gui\MemNavWindow.h" />
    <ClInclude Include="Gui\RegisterWindow.h" />
    <ClInclude Include="Gui\FunctionWindow.h" />
    <ClInclude Include="Gui\DisassemblyWindow.h" />
    <ClInclude Include="Common\ClipboardUtils.h" />
    <ClInclude Include="Common\UiUtils.h" />
    <ClInclude Include="HLE\Kernel.h" />
  </ItemGroup>
  <ItemGroup>
    <None Include="Tests\cpu_test1_100.inc" />
    <None Include="Tests\cpu_test1_350.inc" />
    <None Include="Tests\simple_adc_tests.inc" />
  </ItemGroup>
</Project>