<?xml version="1.0" encoding="utf-8"?>
<Project ToolsVersion="4.0" xmlns="http://schemas.microsoft.com/developer/msbuild/2003">
  <ItemGroup>
    <ClCompile Include="deps\include\GL\gl3w.c" />
    <ClCompile Include="deps\include\imgui\imgui.cpp" />
    <ClCompile Include="deps\include\imgui\imgui_demo.cpp" />
    <ClCompile Include="deps\include\imgui\imgui_draw.cpp" />
    <ClCompile Include="deps\include\imgui\imgui_impl_glfw.cpp" />
    <ClCompile Include="deps\include\imgui\imgui_impl_opengl3.cpp" />
    <ClCompile Include="deps\include\imgui\imgui_widgets.cpp" />
    <ClCompile Include="Main.cpp" />
  </ItemGroup>
  <ItemGroup>
    <ClInclude Include="deps\include\catch\catch.hpp" />
    <ClInclude Include="Common\Common.h" />
    <ClInclude Include="Memory\BootMemory.h" />
    <ClInclude Include="Memory\Constants.h" />
    <ClInclude Include="Memory\GageMemory.h" />
    <ClInclude Include="Memory\Memory_Interface.h" />
    <ClInclude Include="Memory\TestMemory.h" />
  </ItemGroup>
</Project>