<?xml version="1.0" encoding="utf-8"?>
<Project ToolsVersion="4.0" xmlns="http://schemas.microsoft.com/developer/msbuild/2003">
  <ItemGroup>
    <ClCompile Include="deps\include\GL\gl3w.c" />
    <ClCompile Include="deps\include\imgui\imgui.cpp" />
    <ClCompile Include="deps\include\imgui\imgui_demo.cpp" />
    <ClCompile Include="deps\include\imgui\imgui_draw.cpp" />
    <ClCompile Include="deps\include\imgui\imgui_impl_glfw.cpp" />
    <ClCompile Include="deps\include\imgui\imgui_impl_opengl3.cpp" />
    <ClCompile Include="deps\include\imgui\imgui_widgets.cpp" />
    <ClCompile Include="Main.cpp" />
    <ClCompile Include="Symbols\SymbolsManager.cpp" />
    <ClCompile Include="Loader\E32ImageLoader.cpp" />
    <ClCompile Include="Loader\TRomImageLoader.cpp" />
    <ClCompile Include="Common\FileUtils.cpp" />
    <ClCompile Include="Common\BitUtils.cpp" />
    <ClCompile Include="CPU\Tharm\Decoder\Decoder_ARM.cpp" />
    <ClCompile Include="CPU\Tharm\Decoder\Decoder_Thumb.cpp" />
    <ClCompile Include="CPU\Tharm\Disassembler\Disassembler_ARM.cpp" />
    <ClCompile Include="CPU\Tharm\Disassembler\Disassembler_Thumb.cpp" />
    <ClCompile Include="CPU\Tharm\CPU.cpp" />
    <ClCompile Include="CPU\Tharm\CPU_ARM.cpp" />
    <ClCompile Include="CPU\Tharm\CPU_Thumb.cpp" />
    <ClCompile Include="CPU\Unicorn\CPUnicorn.cpp" />
  </ItemGroup>
  <ItemGroup>
    <ClInclude Include="deps\include\catch\catch.hpp" />
    <ClInclude Include="Common\Common.h" />
    <ClInclude Include="Memory\BootMemory.h" />
    <ClInclude Include="Memory\GageMemory.h" />
    <ClInclude Include="Memory\TestMemory.h" />
    <ClInclude Include="Common\StringUtils.h" />
    <ClInclude Include="Memory\MemoryInterface.h" />
    <ClInclude Include="Memory\MemoryConstants.h" />
    <ClInclude Include="Symbols\SymbolsManager.h" />
    <ClInclude Include="HLE\E32Image.h" />
    <ClInclude Include="HLE\E32Std.h" />
    <ClInclude Include="HLE\TRomImage.h" />
    <ClInclude Include="Common\BitUtils.h" />
    <ClInclude Include="Loader\E32ImageLoader.h" />
    <ClInclude Include="Loader\TRomImageLoader.h" />
    <ClInclude Include="Common\FileUtils.h" />
    <ClInclude Include="CPU\Tharm\Decoder\Decoder.h" />
    <ClInclude Include="CPU\Tharm\Decoder\IR.h" />
    <ClInclude Include="CPU\Tharm\Disassembler\Disassembler.h" />
    <ClInclude Include="CPU\Tharm\CPU.h" />
    <ClInclude Include="CPU\Tharm\Registers.h" />
    <ClInclude Include="CPU\Tharm\Utils.h" />
    <ClInclude Include="CPU\Unicorn\CPUnicorn.h" />
    <ClInclude Include="CPU\CPU_Interface.h" />
  </ItemGroup>
</Project>